
Microsoft Visual Studio Solution File, Format Version 12.00
# Visual Studio Version 17
VisualStudioVersion = 17.0.31903.59
MinimumVisualStudioVersion = 10.0.40219.1
Project("{FAE04EC0-301F-11D3-BF4B-00C04F79EFBC}") = "Capstone", "Capstone\Capstone.csproj", "{272430EE-6C76-4947-A079-98F3E1FC4EAB}"
EndProject
Project("{FAE04EC0-301F-11D3-BF4B-00C04F79EFBC}") = "Capstone.Test", "Capstone.Test\Capstone.Test.csproj", "{ABA52F4F-7400-4B78-B740-835841191B27}"
EndProject
Global
	GlobalSection(SolutionConfigurationPlatforms) = preSolution
		Debug|Any CPU = Debug|Any CPU
		Debug|x64 = Debug|x64
		Debug|x86 = Debug|x86
		Release|Any CPU = Release|Any CPU
		Release|x64 = Release|x64
		Release|x86 = Release|x86
	EndGlobalSection
	GlobalSection(ProjectConfigurationPlatforms) = postSolution
		{272430EE-6C76-4947-A079-98F3E1FC4EAB}.Debug|Any CPU.ActiveCfg = Debug|Any CPU
		{272430EE-6C76-4947-A079-98F3E1FC4EAB}.Debug|Any CPU.Build.0 = Debug|Any CPU
		{272430EE-6C76-4947-A079-98F3E1FC4EAB}.Debug|x64.ActiveCfg = Debug|Any CPU
		{272430EE-6C76-4947-A079-98F3E1FC4EAB}.Debug|x64.Build.0 = Debug|Any CPU
		{272430EE-6C76-4947-A079-98F3E1FC4EAB}.Debug|x86.ActiveCfg = Debug|Any CPU
		{272430EE-6C76-4947-A079-98F3E1FC4EAB}.Debug|x86.Build.0 = Debug|Any CPU
		{272430EE-6C76-4947-A079-98F3E1FC4EAB}.Release|Any CPU.ActiveCfg = Release|Any CPU
		{272430EE-6C76-4947-A079-98F3E1FC4EAB}.Release|Any CPU.Build.0 = Release|Any CPU
		{272430EE-6C76-4947-A079-98F3E1FC4EAB}.Release|x64.ActiveCfg = Release|Any CPU
		{272430EE-6C76-4947-A079-98F3E1FC4EAB}.Release|x64.Build.0 = Release|Any CPU
		{272430EE-6C76-4947-A079-98F3E1FC4EAB}.Release|x86.ActiveCfg = Release|Any CPU
		{272430EE-6C76-4947-A079-98F3E1FC4EAB}.Release|x86.Build.0 = Release|Any CPU
		{ABA52F4F-7400-4B78-B740-835841191B27}.Debug|Any CPU.ActiveCfg = Debug|Any CPU
		{ABA52F4F-7400-4B78-B740-835841191B27}.Debug|Any CPU.Build.0 = Debug|Any CPU
		{ABA52F4F-7400-4B78-B740-835841191B27}.Debug|x64.ActiveCfg = Debug|Any CPU
		{ABA52F4F-7400-4B78-B740-835841191B27}.Debug|x64.Build.0 = Debug|Any CPU
		{ABA52F4F-7400-4B78-B740-835841191B27}.Debug|x86.ActiveCfg = Debug|Any CPU
		{ABA52F4F-7400-4B78-B740-835841191B27}.Debug|x86.Build.0 = Debug|Any CPU
		{ABA52F4F-7400-4B78-B740-835841191B27}.Release|Any CPU.ActiveCfg = Release|Any CPU
		{ABA52F4F-7400-4B78-B740-835841191B27}.Release|Any CPU.Build.0 = Release|Any CPU
		{ABA52F4F-7400-4B78-B740-835841191B27}.Release|x64.ActiveCfg = Release|Any CPU
		{ABA52F4F-7400-4B78-B740-835841191B27}.Release|x64.Build.0 = Release|Any CPU
		{ABA52F4F-7400-4B78-B740-835841191B27}.Release|x86.ActiveCfg = Release|Any CPU
		{ABA52F4F-7400-4B78-B740-835841191B27}.Release|x86.Build.0 = Release|Any CPU
	EndGlobalSection
	GlobalSection(SolutionProperties) = preSolution
		HideSolutionNode = FALSE
	EndGlobalSection
EndGlobal
